{
    "_meta": {
        "hash": {
            "sha256": "c581f043818309166730da41f0b7b531fdb4d5e9cc7a49fcccf0a0a6b4f849b8"
        },
        "pipfile-spec": 6,
        "requires": {
            "python_version": "3.11"
        },
        "sources": [
            {
                "name": "pypi",
                "url": "https://pypi.org/simple",
                "verify_ssl": true
            }
        ]
    },
    "default": {
        "aiofile": {
            "hashes": [
                "sha256:41e8845cce055779cd77713d949a339deb012eab605b857765e8f8e52a5ed811",
                "sha256:41f3dc40bd730459d58610476e82e5efb2f84ae6e9fa088a9545385d838b8a43"
            ],
            "markers": "python_version >= '3.7' and python_version < '4'",
            "version": "==3.8.8"
        },
        "aiohttp": {
            "hashes": [
                "sha256:96603a562b546632441926cd1293cfcb5b69f0b4159e6077f7c7dbdfb686af4d",
                "sha256:b0cf2a4501bff9330a8a5248b4ce951851e415bdcce9dc158e76cfd55e15085c"
            ],
            "markers": "python_version >= '3.6'",
            "version": "==3.8.6"
        },
        "aiohttpx": {
            "hashes": [
                "sha256:3424c3df1e1474e7b87093557dc06fe5586b839f2751b47e5a74139768c1b3a2",
                "sha256:ec98a272673b1d5038cb070e1d6500a839b0a110c504c75e4d1124b5bc99d6bd"
            ],
            "version": "==0.0.9"
        },
        "aiosignal": {
            "hashes": [
                "sha256:54cd96e15e1649b75d6c87526a6ff0b6c1b0dd3459f43d9ca11d48c339b68cfc",
                "sha256:f8376fb07dd1e86a584e4fcdec80b36b7f81aac666ebc724e2c090300dd83b17"
            ],
            "markers": "python_version >= '3.7'",
            "version": "==1.3.1"
        },
        "annotated-types": {
            "hashes": [
                "sha256:0641064de18ba7a25dee8f96403ebc39113d0cb953a01429249d5c7564666a43",
                "sha256:563339e807e53ffd9c267e99fc6d9ea23eb8443c08f112651963e24e22f84a5d"
            ],
            "markers": "python_version >= '3.8'",
            "version": "==0.6.0"
        },
        "anyio": {
            "hashes": [
                "sha256:cfdb2b588b9fc25ede96d8db56ed50848b0b649dca3dd1df0b11f683bb9e0b5f",
                "sha256:f7ed51751b2c2add651e5747c891b47e26d2a21be5d32d9311dfe9692f3e5d7a"
            ],
            "markers": "python_version >= '3.8'",
            "version": "==4.0.0"
        },
        "async-lru": {
            "hashes": [
                "sha256:b8a59a5df60805ff63220b2a0c5b5393da5521b113cd5465a44eb037d81a5627",
                "sha256:ff02944ce3c288c5be660c42dbcca0742b32c3b279d6dceda655190240b99224"
            ],
            "markers": "python_version >= '3.8'",
            "version": "==2.0.4"
        },
        "async-openai": {
            "hashes": [
                "sha256:181f5b20d9f8cdb503fd6c8bacd041e5b2c40653244ecd51fea7e407dd160e21",
                "sha256:b83136c5b4bfc95de7dcc54f3ccf712453c7bc4307aa74346c6736be5ad0f2e6"
            ],
            "index": "pypi",
            "version": "==0.0.40"
        },
        "async-timeout": {
            "hashes": [
                "sha256:4640d96be84d82d02ed59ea2b7105a0f7b33abe8703703cd0ab0bf87c427522f",
                "sha256:7405140ff1230c310e51dc27b3145b9092d659ce68ff733fb0cefe3ee42be028"
            ],
            "markers": "python_version >= '3.7'",
            "version": "==4.0.3"
        },
        "attrs": {
            "hashes": [
                "sha256:1f28b4522cdc2fb4256ac1a020c78acf9cba2c6b461ccd2c126f3aa8e8335d04",
                "sha256:6279836d581513a26f1bf235f9acd333bc9115683f14f7e8fae46c98fc50e015"
            ],
            "markers": "python_version >= '3.7'",
            "version": "==23.1.0"
        },
        "backoff": {
            "hashes": [
                "sha256:03f829f5bb1923180821643f8753b0502c3b682293992485b0eef2807afa5cba",
                "sha256:63579f9a0628e06278f7e47b7d7d5b6ce20dc65c5e96a6f3ca99a6adca0396e8"
            ],
            "markers": "python_version >= '3.7' and python_version < '4.0'",
            "version": "==2.2.1"
        },
        "caio": {
            "hashes": [
                "sha256:0a04bcac15b0c18057ec57dd9666c4d5c1058958a8db5191b46a1e54931c4a6e",
                "sha256:114d6c158dc592849532fd0992cbfb85430f4f6e48323a3990c39e4741f81a25",
                "sha256:18307046421f4a8cac85c3d84aa941ab283fbbf0e57f0e5f81a306a057668f43",
                "sha256:26f1e08a442bef4526a66142ea4e325e22dca8f040800aecb3caf8fae0589e98",
                "sha256:48f2c32f67923c728f4b79e03e4a0fc8dc175aa079a1e301773ab7d6baaa571f",
                "sha256:582cbfc6e203d1dedf662ba972a94db6e744fe0b6bb9e02922b0f86803006fc9",
                "sha256:789f8b55f4a2b46be14361df3ac8d14b6c8f0a3730badd70cb1b7778fcdc7039",
                "sha256:9b7b6eafa11a446dced3cd10342140e618acb548b513aaf3a1fa4c86451d3856",
                "sha256:9c5f115c6b5e032f00f35d5da69f27322272b1cb8d51a21da1c2444bd1926beb",
                "sha256:a07c9933543d18f98525f34a786700134403f13050a5bd22a642629e2ab410d4",
                "sha256:a090ab82f21b310b56fa6afe04b3be92a0d1577a2e57127b61426c9dd6df34be",
                "sha256:a6577cec932011db441a87bb35051a0ae8c6f970ea1af165cef3106746ae9a52",
                "sha256:a914684bad2a757cf013ae88d785d81659a3add1885bad60cd20bfbd3068bd5a",
                "sha256:a921c0514ea2bb161d9d9c4940d409a2431cc6bab89abbf20fb16fdc6964f650",
                "sha256:b1e4252b783ad25f15eeff6e412f7e9ec9409e7b4a81fd2893dc1ce1819385ff",
                "sha256:e13c1b882f1c16bc15441d4cfe3e7e6b58b66cb5cf07a0ce46103ff9d0c1d16b"
            ],
            "markers": "python_version >= '3.7' and python_version < '4'",
            "version": "==0.9.13"
        },
        "certifi": {
            "hashes": [
                "sha256:539cc1d13202e33ca466e88b2807e29f4c13049d6d87031a3c110744495cb082",
                "sha256:92d6037539857d8206b8f6ae472e8b77db8058fec5937a1ef3f54304089edbb9"
            ],
            "markers": "python_version >= '3.6'",
            "version": "==2023.7.22"
        },
        "charset-normalizer": {
            "hashes": [
                "sha256:63563193aec44bce707e0c5ca64ff69fa72ed7cf34ce6e11d5127555756fd2f6",
                "sha256:e46cd37076971c1040fc8c41273a8b3e2c624ce4f2be3f5dfcb7a430c1d3acc2",
                "sha256:f0d1e3732768fecb052d90d62b220af62ead5748ac51ef61e7b32c266cac9293"
            ],
            "markers": "python_full_version >= '3.7.0'",
            "version": "==3.3.0"
        },
        "click": {
            "hashes": [
                "sha256:ae74fb96c20a0277a1d615f1e4d73c8414f5a98db8b799a7931d1582f3390c28",
                "sha256:ca9853ad459e787e2192211578cc907e7594e294c7ccc834310722b41b9ca6de"
            ],
            "markers": "python_version >= '3.7'",
            "version": "==8.1.7"
        },
        "dill": {
            "hashes": [
                "sha256:76b122c08ef4ce2eedcd4d1abd8e641114bfc6c2867f49f3c41facf65bf19f5e",
                "sha256:cc1c8b182eb3013e24bd475ff2e9295af86c1a38eb1aff128dac8962a9ce3c03"
            ],
            "markers": "python_version >= '3.7'",
            "version": "==0.3.7"
        },
        "file-io": {
            "hashes": [
                "sha256:2467a634ffa8045113a29cacc323ad8dcb11ad0d321de20e6d537e215dd22cfc",
                "sha256:a0b12c6d15bdcaef9982037900df6d4cf499ae9d9b1c0e430f504a6a9ec69e2c"
            ],
            "index": "pypi",
            "version": "==0.5.1rc0"
        },
        "frozendict": {
            "hashes": [
                "sha256:0bc4767e2f83db5b701c787e22380296977368b0c57e485ca71b2eedfa11c4a3",
                "sha256:145afd033ebfade28416093335261b8ec1af5cccc593482309e7add062ec8668",
                "sha256:23c4bb46e6b8246e1e7e49b5593c2bc09221db0d8f31f7c092be8dfb42b9e620",
                "sha256:2b2fd8ce36277919b36e3c834d2389f3cd7ac068ae730c312671dd4439a5dd65",
                "sha256:2b3435e5f1ca5ae68a5e95e64b09d6d5c645cadd6b87569a0b3019dd248c8d00",
                "sha256:313ed8d9ba6bac35d7635cd9580ee5721a0fb016f4d2d20f0efa05dbecbdb1be",
                "sha256:3957d52f1906b0c85f641a1911d214255873f6408ab4e5ad657cc27a247fb145",
                "sha256:4742e76c4111bd09198d3ab66cef94be8506212311338f9182d6ef5f5cb60493",
                "sha256:47fc26468407fdeb428cfc89495b7921419e670355c21b383765482fdf6c5c14",
                "sha256:4c258aab9c8488338634f2ec670ef049dbf0ab0e7a2fa9bc2c7b5009cb614801",
                "sha256:5526559eca8f1780a4ee5146896f59afc31435313560208dd394a3a5e537d3ff",
                "sha256:5e82befa7c385a668d569cebbebbdf49cee6fea4083f08e869a1b08cfb640a9f",
                "sha256:638cf363d3cbca31a341503cf2219eac52a5f5140449676fae3d9644cd3c5487",
                "sha256:6ea638228692db2bf94bce40ea4b25f4077588497b516bd16576575560094bd9",
                "sha256:72cfe08ab8ae524e54848fa90b22d02c1b1ecfb3064438696bcaa4b953f18772",
                "sha256:750632cc890d8ee9484fe6d31b261159144b6efacc08e1317fe46accd1410373",
                "sha256:7a75bf87e76c4386caecdbdd02a99e53ad43a6b5c38fb3d5a634a9fc9ce41462",
                "sha256:7ee5fe2658a8ac9a57f748acaf563f6a47f80b8308cbf0a04fac0ba057d41f75",
                "sha256:80abe81d36e889ceec665e06ec764a7638000fa3e7be09786ac4d3ddc64b76db",
                "sha256:8ccc94ac781710db44e142e1a11ff9b31d02c032c01c6868d51fcbef73086225",
                "sha256:8cf35ddd25513428ec152614def9696afb93ae5ec0eb54fa6aa6206eda77ac4c",
                "sha256:9a506d807858fa961aaa5b48dab6154fdc6bd045bbe9310788bbff141bb42d13",
                "sha256:9ea5520e85447ff8d4681e181941e482662817ccba921b7cb3f87922056d892a",
                "sha256:ba41a7ed019bd03b62d63ed3f8dea35b8243d1936f7c9ed4b5298ca45a01928e",
                "sha256:c31abc8acea309b132dde441856829f6003a3d242da8b54bce4c0f2a3c8c63f0",
                "sha256:d086440328a465dea9bef2dbad7548d75d1a0a0d21f43a08c03e1ec79ac5240e",
                "sha256:d188d062084fba0e4bf32719ff7380b26c050b932ff164043ce82ab90587c52b",
                "sha256:d3c6ce943946c2a61501c8cf116fff0892d11dd579877eb36e2aea2c27fddfef",
                "sha256:da98427de26b5a2865727947480cbb53860089c4d195baa29c539da811cea617",
                "sha256:e27c5c1d29d0eda7979253ec88abc239da1313b38f39f4b16984db3b3e482300",
                "sha256:e4c785de7f1a13f15963945f400656b18f057c2fc76c089dacf127a2bb188c03",
                "sha256:e72dbc1bcc2203cef38d205f692396f5505921a5680f66aa9a7e8bb71fd38f28",
                "sha256:ed5a6c5c7a0f57269577c2a338a6002949aea21a23b7b7d06da7e7dced8b605b",
                "sha256:f0f573dc4861dd7ec9e055c8cceaf45355e894e749f621f199aab7b311ac4bdb",
                "sha256:f2a4e818ac457f6354401dcb631527af25e5a20fcfc81e6b5054b45fc245caca",
                "sha256:f83fed36497af9562ead5e9fb8443224ba2781786bd3b92b1087cb7d0ff20135",
                "sha256:ffc684773de7c88724788fa9787d0016fd75830412d58acbd9ed1a04762c675b"
            ],
            "markers": "python_version >= '3.6'",
            "version": "==2.3.8"
        },
        "frozenlist": {
            "hashes": [
                "sha256:09163bdf0b2907454042edb19f887c6d33806adc71fbd54afc14908bfdc22251",
                "sha256:261b9f5d17cac914531331ff1b1d452125bf5daa05faf73b71d935485b0c510b"
            ],
            "markers": "python_version >= '3.8'",
            "version": "==1.4.0"
        },
        "fsspec": {
            "hashes": [
                "sha256:603dbc52c75b84da501b9b2ec8c11e1f61c25984c4a0dda1f129ef391fbfc9b4",
                "sha256:80bfb8c70cc27b2178cc62a935ecf242fc6e8c3fb801f9c571fc01b1e715ba7d"
            ],
            "markers": "python_version >= '3.8'",
            "version": "==2023.9.2"
        },
        "h11": {
            "hashes": [
                "sha256:8f19fbbe99e72420ff35c00b27a34cb9937e902a8b810e2c88300c6f0a3b699d",
                "sha256:e3fe4ac4b851c468cc8363d500db52c2ead036020723024a109d37346efaa761"
            ],
            "markers": "python_version >= '3.7'",
            "version": "==0.14.0"
        },
        "httpcore": {
            "hashes": [
                "sha256:13b5e5cd1dca1a6636a6aaea212b19f4f85cd88c366a2b82304181b769aab3c9",
                "sha256:adc5398ee0a476567bf87467063ee63584a8bce86078bf748e48754f60202ced"
            ],
            "markers": "python_version >= '3.8'",
            "version": "==0.18.0"
        },
        "httpx": {
            "hashes": [
                "sha256:181ea7f8ba3a82578be86ef4171554dd45fec26a02556a744db029a0a27b7100",
                "sha256:47ecda285389cb32bb2691cc6e069e3ab0205956f681c5b2ad2325719751d875"
            ],
            "markers": "python_version >= '3.8'",
            "version": "==0.25.0"
        },
        "idna": {
            "hashes": [
                "sha256:814f528e8dead7d329833b91c5faa87d60bf71824cd12a7530b5526063d02cb4",
                "sha256:90b77e79eaa3eba6de819a0c442c0b4ceefc341a7a2ab77d7562bf49f425c5c2"
            ],
            "markers": "python_version >= '3.5'",
            "version": "==3.4"
        },
        "lazyops": {
            "hashes": [
                "sha256:5b153b7d0480e93ecd0d6c783da11d4d043d952452d396410c10875be24ef1e0",
                "sha256:f232ce6c2ab9187e13b55515b74f4825dc685ec31c551cb95625f7b46c7ade22"
            ],
            "version": "==0.2.61"
        },
        "loguru": {
            "hashes": [
                "sha256:003d71e3d3ed35f0f8984898359d65b79e5b21943f78af86aa5491210429b8eb",
                "sha256:e671a53522515f34fd406340ee968cb9ecafbc4b36c679da03c18fd8d0bd51ac"
            ],
            "markers": "python_version >= '3.5'",
            "version": "==0.7.2"
        },
        "multidict": {
            "hashes": [
                "sha256:11bdf3f5e1518b24530b8241529d2050014c884cf18b6fc69c0c2b30ca248710",
                "sha256:3666906492efb76453c0e7b97f2cf459b0682e7402c0489a95484965dbc1da49"
            ],
            "markers": "python_version >= '3.7'",
            "version": "==6.0.4"
        },
        "openai": {
            "hashes": [
                "sha256:4be1dad329a65b4ce1a660fe6d5431b438f429b5855c883435f0f7fcb6d2dcc8",
                "sha256:d18690f9e3d31eedb66b57b88c2165d760b24ea0a01f150dd3f068155088ce68"
            ],
            "index": "pypi",
            "markers": "python_full_version >= '3.7.1'",
            "version": "==0.28.1"
        },
        "pydantic": {
            "hashes": [
                "sha256:94f336138093a5d7f426aac732dcfe7ab4eb4da243c88f891d65deb4a2556ee7",
                "sha256:bc3ddf669d234f4220e6e1c4d96b061abe0998185a8d7855c0126782b7abc8c1"
            ],
            "index": "pypi",
            "markers": "python_version >= '3.7'",
            "version": "==2.4.2"
        },
        "pydantic-core": {
            "hashes": [
                "sha256:0f8682dbdd2f67f8e1edddcbffcc29f60a6182b4901c367fc8c1c40d30bb0a82",
                "sha256:caa48fc31fc7243e50188197b5f0c4228956f97b954f76da157aae7f67269ae8"
            ],
            "markers": "python_version >= '3.7'",
            "version": "==2.10.1"
        },
        "pydantic-settings": {
            "hashes": [
                "sha256:962dc3672495aad6ae96a4390fac7e593591e144625e5112d359f8f67fb75945",
                "sha256:ddd907b066622bd67603b75e2ff791875540dc485b7307c4fffc015719da8625"
            ],
            "index": "pypi",
            "markers": "python_version >= '3.7'",
            "version": "==2.0.3"
        },
        "python-dotenv": {
            "hashes": [
                "sha256:a8df96034aae6d2d50a4ebe8216326c61c3eb64836776504fcca410e5937a3ba",
                "sha256:f5971a9226b701070a4bf2c38c89e5a3f0d64de8debda981d1db98583009122a"
            ],
            "markers": "python_version >= '3.8'",
            "version": "==1.0.0"
        },
        "regex": {
            "hashes": [
                "sha256:00ba3c9818e33f1fa974693fb55d24cdc8ebafcb2e4207680669d8f8d7cca79a",
                "sha256:00e871d83a45eee2f8688d7e6849609c2ca2a04a6d48fba3dff4deef35d14f07",
                "sha256:06e9abc0e4c9ab4779c74ad99c3fc10d3967d03114449acc2c2762ad4472b8ca",
                "sha256:0b9ac09853b2a3e0d0082104036579809679e7715671cfbf89d83c1cb2a30f58",
                "sha256:0d47840dc05e0ba04fe2e26f15126de7c755496d5a8aae4a08bda4dd8d646c54",
                "sha256:0f649fa32fe734c4abdfd4edbb8381c74abf5f34bc0b3271ce687b23729299ed",
                "sha256:107ac60d1bfdc3edb53be75e2a52aff7481b92817cfdddd9b4519ccf0e54a6ff",
                "sha256:11175910f62b2b8c055f2b089e0fedd694fe2be3941b3e2633653bc51064c528",
                "sha256:12bd4bc2c632742c7ce20db48e0d99afdc05e03f0b4c1af90542e05b809a03d9",
                "sha256:16f8740eb6dbacc7113e3097b0a36065a02e37b47c936b551805d40340fb9971",
                "sha256:1c0e8fae5b27caa34177bdfa5a960c46ff2f78ee2d45c6db15ae3f64ecadde14",
                "sha256:2c54e23836650bdf2c18222c87f6f840d4943944146ca479858404fedeb9f9af",
                "sha256:3367007ad1951fde612bf65b0dffc8fd681a4ab98ac86957d16491400d661302",
                "sha256:36362386b813fa6c9146da6149a001b7bd063dabc4d49522a1f7aa65b725c7ec",
                "sha256:39807cbcbe406efca2a233884e169d056c35aa7e9f343d4e78665246a332f597",
                "sha256:39cdf8d141d6d44e8d5a12a8569d5a227f645c87df4f92179bd06e2e2705e76b",
                "sha256:3b2c3502603fab52d7619b882c25a6850b766ebd1b18de3df23b2f939360e1bd",
                "sha256:3ccf2716add72f80714b9a63899b67fa711b654be3fcdd34fa391d2d274ce767",
                "sha256:3fef4f844d2290ee0ba57addcec17eec9e3df73f10a2748485dfd6a3a188cc0f",
                "sha256:4023e2efc35a30e66e938de5aef42b520c20e7eda7bb5fb12c35e5d09a4c43f6",
                "sha256:4a3ee019a9befe84fa3e917a2dd378807e423d013377a884c1970a3c2792d293",
                "sha256:4a8bf76e3182797c6b1afa5b822d1d5802ff30284abe4599e1247be4fd6b03be",
                "sha256:4a992f702c9be9c72fa46f01ca6e18d131906a7180950958f766c2aa294d4b41",
                "sha256:4c34d4f73ea738223a094d8e0ffd6d2c1a1b4c175da34d6b0de3d8d69bee6bcc",
                "sha256:4cd1bccf99d3ef1ab6ba835308ad85be040e6a11b0977ef7ea8c8005f01a3c29",
                "sha256:4ef80829117a8061f974b2fda8ec799717242353bff55f8a29411794d635d964",
                "sha256:58837f9d221744d4c92d2cf7201c6acd19623b50c643b56992cbd2b745485d3d",
                "sha256:5a8f91c64f390ecee09ff793319f30a0f32492e99f5dc1c72bc361f23ccd0a9a",
                "sha256:5addc9d0209a9afca5fc070f93b726bf7003bd63a427f65ef797a931782e7edc",
                "sha256:6239d4e2e0b52c8bd38c51b760cd870069f0bdf99700a62cd509d7a031749a55",
                "sha256:66e2fe786ef28da2b28e222c89502b2af984858091675044d93cb50e6f46d7af",
                "sha256:69c0771ca5653c7d4b65203cbfc5e66db9375f1078689459fe196fe08b7b4930",
                "sha256:6ac965a998e1388e6ff2e9781f499ad1eaa41e962a40d11c7823c9952c77123e",
                "sha256:6c56c3d47da04f921b73ff9415fbaa939f684d47293f071aa9cbb13c94afc17d",
                "sha256:6f85739e80d13644b981a88f529d79c5bdf646b460ba190bffcaf6d57b2a9863",
                "sha256:706e7b739fdd17cb89e1fbf712d9dc21311fc2333f6d435eac2d4ee81985098c",
                "sha256:741ba2f511cc9626b7561a440f87d658aabb3d6b744a86a3c025f866b4d19e7f",
                "sha256:7434a61b158be563c1362d9071358f8ab91b8d928728cd2882af060481244c9e",
                "sha256:76066d7ff61ba6bf3cb5efe2428fc82aac91802844c022d849a1f0f53820502d",
                "sha256:7979b834ec7a33aafae34a90aad9f914c41fd6eaa8474e66953f3f6f7cbd4368",
                "sha256:7eece6fbd3eae4a92d7c748ae825cbc1ee41a89bb1c3db05b5578ed3cfcfd7cb",
                "sha256:7ef1e014eed78ab650bef9a6a9cbe50b052c0aebe553fb2881e0453717573f52",
                "sha256:81dce2ddc9f6e8f543d94b05d56e70d03a0774d32f6cca53e978dc01e4fc75b8",
                "sha256:82fcc1f1cc3ff1ab8a57ba619b149b907072e750815c5ba63e7aa2e1163384a4",
                "sha256:8d1f21af4c1539051049796a0f50aa342f9a27cde57318f2fc41ed50b0dbc4ac",
                "sha256:90a79bce019c442604662d17bf69df99090e24cdc6ad95b18b6725c2988a490e",
                "sha256:9145f092b5d1977ec8c0ab46e7b3381b2fd069957b9862a43bd383e5c01d18c2",
                "sha256:91dc1d531f80c862441d7b66c4505cd6ea9d312f01fb2f4654f40c6fdf5cc37a",
                "sha256:979c24cbefaf2420c4e377ecd1f165ea08cc3d1fbb44bdc51bccbbf7c66a2cb4",
                "sha256:994645a46c6a740ee8ce8df7911d4aee458d9b1bc5639bc968226763d07f00fa",
                "sha256:9b98b7681a9437262947f41c7fac567c7e1f6eddd94b0483596d320092004533",
                "sha256:9c6b4d23c04831e3ab61717a707a5d763b300213db49ca680edf8bf13ab5d91b",
                "sha256:9c6d0ced3c06d0f183b73d3c5920727268d2201aa0fe6d55c60d68c792ff3588",
                "sha256:9fd88f373cb71e6b59b7fa597e47e518282455c2734fd4306a05ca219a1991b0",
                "sha256:a8f4e49fc3ce020f65411432183e6775f24e02dff617281094ba6ab079ef0915",
                "sha256:a9e908ef5889cda4de038892b9accc36d33d72fb3e12c747e2799a0e806ec841",
                "sha256:ad08a69728ff3c79866d729b095872afe1e0557251da4abb2c5faff15a91d19a",
                "sha256:adbccd17dcaff65704c856bd29951c58a1bd4b2b0f8ad6b826dbd543fe740988",
                "sha256:b0c7d2f698e83f15228ba41c135501cfe7d5740181d5903e250e47f617eb4292",
                "sha256:b3ab05a182c7937fb374f7e946f04fb23a0c0699c0450e9fb02ef567412d2fa3",
                "sha256:b6104f9a46bd8743e4f738afef69b153c4b8b592d35ae46db07fc28ae3d5fb7c",
                "sha256:ba7cd6dc4d585ea544c1412019921570ebd8a597fabf475acc4528210d7c4a6f",
                "sha256:bc72c231f5449d86d6c7d9cc7cd819b6eb30134bb770b8cfdc0765e48ef9c420",
                "sha256:bce8814b076f0ce5766dc87d5a056b0e9437b8e0cd351b9a6c4e1134a7dfbda9",
                "sha256:be5e22bbb67924dea15039c3282fa4cc6cdfbe0cbbd1c0515f9223186fc2ec5f",
                "sha256:be6b7b8d42d3090b6c80793524fa66c57ad7ee3fe9722b258aec6d0672543fd0",
                "sha256:bfe50b61bab1b1ec260fa7cd91106fa9fece57e6beba05630afe27c71259c59b",
                "sha256:bff507ae210371d4b1fe316d03433ac099f184d570a1a611e541923f78f05037",
                "sha256:c148bec483cc4b421562b4bcedb8e28a3b84fcc8f0aa4418e10898f3c2c0eb9b",
                "sha256:c15ad0aee158a15e17e0495e1e18741573d04eb6da06d8b84af726cfc1ed02ee",
                "sha256:c2169b2dcabf4e608416f7f9468737583ce5f0a6e8677c4efbf795ce81109d7c",
                "sha256:c55853684fe08d4897c37dfc5faeff70607a5f1806c8be148f1695be4a63414b",
                "sha256:c65a3b5330b54103e7d21cac3f6bf3900d46f6d50138d73343d9e5b2900b2353",
                "sha256:c7964c2183c3e6cce3f497e3a9f49d182e969f2dc3aeeadfa18945ff7bdd7051",
                "sha256:cc3f1c053b73f20c7ad88b0d1d23be7e7b3901229ce89f5000a8399746a6e039",
                "sha256:ce615c92d90df8373d9e13acddd154152645c0dc060871abf6bd43809673d20a",
                "sha256:d29338556a59423d9ff7b6eb0cb89ead2b0875e08fe522f3e068b955c3e7b59b",
                "sha256:d8a993c0a0ffd5f2d3bda23d0cd75e7086736f8f8268de8a82fbc4bd0ac6791e",
                "sha256:d9c727bbcf0065cbb20f39d2b4f932f8fa1631c3e01fcedc979bd4f51fe051c5",
                "sha256:dac37cf08fcf2094159922edc7a2784cfcc5c70f8354469f79ed085f0328ebdf",
                "sha256:dd829712de97753367153ed84f2de752b86cd1f7a88b55a3a775eb52eafe8a94",
                "sha256:e54ddd0bb8fb626aa1f9ba7b36629564544954fff9669b15da3610c22b9a0991",
                "sha256:e77c90ab5997e85901da85131fd36acd0ed2221368199b65f0d11bca44549711",
                "sha256:ebedc192abbc7fd13c5ee800e83a6df252bec691eb2c4bedc9f8b2e2903f5e2a",
                "sha256:ef71561f82a89af6cfcbee47f0fabfdb6e63788a9258e913955d89fdd96902ab",
                "sha256:f0a47efb1dbef13af9c9a54a94a0b814902e547b7f21acb29434504d18f36e3a",
                "sha256:f4f2ca6df64cbdd27f27b34f35adb640b5d2d77264228554e68deda54456eb11",
                "sha256:fb02e4257376ae25c6dd95a5aec377f9b18c09be6ebdefa7ad209b9137b73d48"
            ],
            "markers": "python_version >= '3.7'",
            "version": "==2023.10.3"
        },
        "requests": {
            "hashes": [
                "sha256:58cd2187c01e70e6e26505bca751777aa9f2ee0b7f4300988b709f44e013003f",
                "sha256:942c5a758f98d790eaed1a29cb6eefc7ffb0d1cf7af05c3d2791656dbd6ad1e1"
            ],
            "markers": "python_version >= '3.7'",
            "version": "==2.31.0"
        },
        "sniffio": {
            "hashes": [
                "sha256:e60305c5e5d314f5389259b7f22aaa33d8f7dee49763119234af3755c55b9101",
                "sha256:eecefdce1e5bbfb7ad2eeaabf7c1eeb404d7757c379bd1f7e5cce9d8bf425384"
            ],
            "markers": "python_version >= '3.7'",
            "version": "==1.3.0"
        },
        "tiktoken": {
            "hashes": [
                "sha256:1f2b3b253e22322b7f53a111e1f6d7ecfa199b4f08f3efdeb0480f4033b5cdc6",
                "sha256:1fe99953b63aabc0c9536fbc91c3c9000d78e4755edc28cc2e10825372046a2d",
                "sha256:27e773564232004f4f810fd1f85236673ec3a56ed7f1206fc9ed8670ebedb97a",
                "sha256:2b0bae3fd56de1c0a5874fb6577667a3c75bf231a6cef599338820210c16e40a",
                "sha256:2b756a65d98b7cf760617a6b68762a23ab8b6ef79922be5afdb00f5e8a9f4e76",
                "sha256:323cec0031358bc09aa965c2c5c1f9f59baf76e5b17e62dcc06d1bb9bc3a3c7c",
                "sha256:426e7def5f3f23645dada816be119fa61e587dfb4755de250e136b47a045c365",
                "sha256:43ce0199f315776dec3ea7bf86f35df86d24b6fcde1babd3e53c38f17352442f",
                "sha256:46b8554b9f351561b1989157c6bb54462056f3d44e43aa4e671367c5d62535fc",
                "sha256:5abd9436f02e2c8eda5cce2ff8015ce91f33e782a7423de2a1859f772928f714",
                "sha256:5d5a187ff9c786fae6aadd49f47f019ff19e99071dc5b0fe91bfecc94d37c686",
                "sha256:709a5220891f2b56caad8327fab86281787704931ed484d9548f65598dea9ce4",
                "sha256:714efb2f4a082635d9f5afe0bf7e62989b72b65ac52f004eb7ac939f506c03a4",
                "sha256:74c90d2be0b4c1a2b3f7dde95cd976757817d4df080d6af0ee8d461568c2e2ad",
                "sha256:779c4dea5edd1d3178734d144d32231e0b814976bec1ec09636d1003ffe4725f",
                "sha256:7ef730db4097f5b13df8d960f7fdda2744fe21d203ea2bb80c120bb58661b155",
                "sha256:8079ac065572fe0e7c696dbd63e1fdc12ce4cdca9933935d038689d4732451df",
                "sha256:92ed3bbf71a175a6a4e5fbfcdb2c422bdd72d9b20407e00f435cf22a68b4ea9b",
                "sha256:9b180a22db0bbcc447f691ffc3cf7a580e9e0587d87379e35e58b826ebf5bc7b",
                "sha256:a10488d1d1a5f9c9d2b2052fdb4cf807bba545818cb1ef724a7f5d44d9f7c3d4",
                "sha256:a84657c083d458593c0235926b5c993eec0b586a2508d6a2020556e5347c2f0d",
                "sha256:b5dcfcf9bfb798e86fbce76d40a1d5d9e3f92131aecfa3d1e5c9ea1a20f1ef1a",
                "sha256:ba9873c253ca1f670e662192a0afcb72b41e0ba3e730f16c665099e12f4dac2d",
                "sha256:c008375c0f3d97c36e81725308699116cd5804fdac0f9b7afc732056329d2790",
                "sha256:dcdc630461927718b317e6f8be7707bd0fc768cee1fdc78ddaa1e93f4dc6b2b1",
                "sha256:e21840043dbe2e280e99ad41951c00eff8ee3b63daf57cd4c1508a3fd8583ea2",
                "sha256:e4c73d47bdc1a3f1f66ffa019af0386c48effdc6e8797e5e76875f6388ff72e9",
                "sha256:e529578d017045e2f0ed12d2e00e7e99f780f477234da4aae799ec4afca89f37",
                "sha256:edd2ffbb789712d83fee19ab009949f998a35c51ad9f9beb39109357416344ff"
            ],
            "markers": "python_version >= '3.8'",
            "version": "==0.5.1"
        },
        "tqdm": {
            "hashes": [
                "sha256:d302b3c5b53d47bce91fea46679d9c3c6508cf6332229aa1e7d8653723793386",
                "sha256:d88e651f9db8d8551a62556d3cff9e3034274ca5d66e93197cf2490e2dcb69c7"
            ],
            "markers": "python_version >= '3.7'",
            "version": "==4.66.1"
        },
        "typer": {
            "hashes": [
                "sha256:50922fd79aea2f4751a8e0408ff10d2662bd0c8bbfa84755a699f3bada2978b2",
                "sha256:5d96d986a21493606a358cae4461bd8cdf83cbf33a5aa950ae629ca3b51467ee"
            ],
            "markers": "python_version >= '3.6'",
            "version": "==0.9.0"
        },
        "typing-extensions": {
            "hashes": [
                "sha256:8f92fc8806f9a6b641eaa5318da32b44d401efaac0f6678c9bc448ba3605faa0",
                "sha256:df8e4339e9cb77357558cbdbceca33c303714cf861d1eef15e1070055ae8b7ef"
            ],
            "markers": "python_version >= '3.8'",
            "version": "==4.8.0"
        },
        "urllib3": {
            "hashes": [
                "sha256:c97dfde1f7bd43a71c8d2a58e369e9b2bf692d1334ea9f9cae55add7d0dd0f84",
                "sha256:fdb6d215c776278489906c2f8916e6e7d4f5a9b602ccbcfdf7f016fc8da0596e"
            ],
            "markers": "python_version >= '3.7'",
            "version": "==2.0.7"
        },
        "websockets": {
            "hashes": [
                "sha256:6681ba9e7f8f3b19440921e99efbb40fc89f26cd71bf539e45d8c8a25c976dc6",
                "sha256:88fc51d9a26b10fc331be344f1781224a375b78488fc343620184e95a4b27016",
                "sha256:def07915168ac8f7853812cc593c71185a16216e9e4fa886358a17ed0fd9fcf6"
            ],
            "index": "pypi",
            "markers": "python_version >= '3.7'",
            "version": "==11.0.3"
        },
        "yarl": {
            "hashes": [
                "sha256:04ab9d4b9f587c06d801c2abfe9317b77cdf996c65a90d5e84ecc45010823571",
                "sha256:159d81f22d7a43e6eabc36d7194cb53f2f15f498dbbfa8edc8a3239350f59fe7"
            ],
            "markers": "python_version >= '3.7'",
            "version": "==1.9.2"
        }
    },
    "develop": {
        "iniconfig": {
            "hashes": [
                "sha256:2d91e135bf72d31a410b17c16da610a82cb55f6b0477d1a902134b24a455b8b3",
                "sha256:b6a85871a79d2e3b22d2d1b94ac2824226a63c6b741c88f7ae975f18b6778374"
            ],
            "markers": "python_version >= '3.7'",
            "version": "==2.0.0"
        },
        "packaging": {
            "hashes": [
                "sha256:048fb0e9405036518eaaf48a55953c750c11e1a1b68e0dd1a9d62ed0c092cfc5",
                "sha256:8c491190033a9af7e1d931d0b5dacc2ef47509b34dd0de67ed209b5203fc88c7"
            ],
            "markers": "python_version >= '3.7'",
            "version": "==23.2"
        },
        "pluggy": {
            "hashes": [
                "sha256:cf61ae8f126ac6f7c451172cf30e3e43d3ca77615509771b3a984a0730651e12",
                "sha256:d89c696a773f8bd377d18e5ecda92b7a3793cbe66c87060a6fb58c7b6e1061f7"
            ],
            "markers": "python_version >= '3.8'",
            "version": "==1.3.0"
        },
        "pytest": {
            "hashes": [
                "sha256:1d881c6124e08ff0a1bb75ba3ec0bfd8b5354a01c194ddd5a0a870a48d99b002",
                "sha256:a766259cfab564a2ad52cb1aae1b881a75c3eb7e34ca3779697c23ed47c47069"
            ],
            "index": "pypi",
            "markers": "python_version >= '3.7'",
            "version": "==7.4.2"
        }
    }
}
